
Microsoft Visual Studio Solution File, Format Version 12.00
# Visual Studio Version 17
VisualStudioVersion = 17.4.33205.214
MinimumVisualStudioVersion = 10.0.40219.1
Project("{FAE04EC0-301F-11D3-BF4B-00C04F79EFBC}") = "BikeService", "BikeService\BikeService.csproj", "{B72905BF-7BE7-4FF1-848E-1A7DC1C21D12}"
EndProject
Global
	GlobalSection(SolutionConfigurationPlatforms) = preSolution
		Debug|Any CPU = Debug|Any CPU
		Release|Any CPU = Release|Any CPU
	EndGlobalSection
	GlobalSection(ProjectConfigurationPlatforms) = postSolution
		{B72905BF-7BE7-4FF1-848E-1A7DC1C21D12}.Debug|Any CPU.ActiveCfg = Debug|Any CPU
		{B72905BF-7BE7-4FF1-848E-1A7DC1C21D12}.Debug|Any CPU.Build.0 = Debug|Any CPU
		{B72905BF-7BE7-4FF1-848E-1A7DC1C21D12}.Release|Any CPU.ActiveCfg = Release|Any CPU
		{B72905BF-7BE7-4FF1-848E-1A7DC1C21D12}.Release|Any CPU.Build.0 = Release|Any CPU
	EndGlobalSection
	GlobalSection(SolutionProperties) = preSolution
		HideSolutionNode = FALSE
	EndGlobalSection
	GlobalSection(ExtensibilityGlobals) = postSolution
		SolutionGuid = {654C924A-11D7-4284-86F0-641E2D72846A}
	EndGlobalSection
EndGlobal
